
Microsoft Visual Studio Solution File, Format Version 12.00
# Visual Studio Version 17
VisualStudioVersion = 17.7.34009.444
MinimumVisualStudioVersion = 10.0.40219.1
Project("{2150E333-8FDC-42A3-9474-1A3956D46DE8}") = "Services", "Services", "{62FE15FD-A5DE-4C81-8667-AA67D30FAA2B}"
EndProject
Project("{2150E333-8FDC-42A3-9474-1A3956D46DE8}") = "Catalog", "Catalog", "{CFB63940-88C6-4F93-A5D9-1A3BF307C593}"
EndProject
Project("{FAE04EC0-301F-11D3-BF4B-00C04F79EFBC}") = "Catalog.API", "Services\Catalog\Catalog.API\Catalog.API.csproj", "{228EA88D-FF92-41FC-91AA-518E1F265358}"
EndProject
Global
	GlobalSection(SolutionConfigurationPlatforms) = preSolution
		Debug|Any CPU = Debug|Any CPU
		Release|Any CPU = Release|Any CPU
	EndGlobalSection
	GlobalSection(ProjectConfigurationPlatforms) = postSolution
		{228EA88D-FF92-41FC-91AA-518E1F265358}.Debug|Any CPU.ActiveCfg = Debug|Any CPU
		{228EA88D-FF92-41FC-91AA-518E1F265358}.Debug|Any CPU.Build.0 = Debug|Any CPU
		{228EA88D-FF92-41FC-91AA-518E1F265358}.Release|Any CPU.ActiveCfg = Release|Any CPU
		{228EA88D-FF92-41FC-91AA-518E1F265358}.Release|Any CPU.Build.0 = Release|Any CPU
	EndGlobalSection
	GlobalSection(SolutionProperties) = preSolution
		HideSolutionNode = FALSE
	EndGlobalSection
	GlobalSection(NestedProjects) = preSolution
		{CFB63940-88C6-4F93-A5D9-1A3BF307C593} = {62FE15FD-A5DE-4C81-8667-AA67D30FAA2B}
		{228EA88D-FF92-41FC-91AA-518E1F265358} = {CFB63940-88C6-4F93-A5D9-1A3BF307C593}
	EndGlobalSection
	GlobalSection(ExtensibilityGlobals) = postSolution
		SolutionGuid = {E7289219-A938-4E9D-A41D-D5A2CB086871}
	EndGlobalSection
EndGlobal
